
Microsoft Visual Studio Solution File, Format Version 12.00
# Visual Studio Version 16
VisualStudioVersion = 16.0.30503.244
MinimumVisualStudioVersion = 10.0.40219.1
Project("{9A19103F-16F7-4668-BE54-9A1E7A4F7556}") = "MembershipSystem.Api", "MembershipSystem.Api\MembershipSystem.Api.csproj", "{C53A16C5-83BA-42E1-AD2F-ECD1E6F835D4}"
EndProject
Project("{9A19103F-16F7-4668-BE54-9A1E7A4F7556}") = "MembershipSystem.Models", "MembershipSystem.Models\MembershipSystem.Models.csproj", "{F0EB4C9E-DDFA-446E-9C44-AD8D8E769723}"
EndProject
Project("{9A19103F-16F7-4668-BE54-9A1E7A4F7556}") = "MembershipSystem.Services", "MembershipSystem.Services\MembershipSystem.Services.csproj", "{58CF0F2B-D4E0-4972-901D-ABB72D958C2E}"
EndProject
Project("{9A19103F-16F7-4668-BE54-9A1E7A4F7556}") = "MembershipSystem.Database", "MembershipSystem.Database\MembershipSystem.Database.csproj", "{8A8D1FAE-51AA-4B17-9406-2026C2851C0A}"
EndProject
Project("{9A19103F-16F7-4668-BE54-9A1E7A4F7556}") = "MembershipSystem.Tests", "MembershipSystem.Tests\MembershipSystem.Tests.csproj", "{4778F465-2002-4719-AE19-F474B8357F6B}"
EndProject
Global
	GlobalSection(SolutionConfigurationPlatforms) = preSolution
		Debug|Any CPU = Debug|Any CPU
		Release|Any CPU = Release|Any CPU
	EndGlobalSection
	GlobalSection(ProjectConfigurationPlatforms) = postSolution
		{C53A16C5-83BA-42E1-AD2F-ECD1E6F835D4}.Debug|Any CPU.ActiveCfg = Debug|Any CPU
		{C53A16C5-83BA-42E1-AD2F-ECD1E6F835D4}.Debug|Any CPU.Build.0 = Debug|Any CPU
		{C53A16C5-83BA-42E1-AD2F-ECD1E6F835D4}.Release|Any CPU.ActiveCfg = Release|Any CPU
		{C53A16C5-83BA-42E1-AD2F-ECD1E6F835D4}.Release|Any CPU.Build.0 = Release|Any CPU
		{F0EB4C9E-DDFA-446E-9C44-AD8D8E769723}.Debug|Any CPU.ActiveCfg = Debug|Any CPU
		{F0EB4C9E-DDFA-446E-9C44-AD8D8E769723}.Debug|Any CPU.Build.0 = Debug|Any CPU
		{F0EB4C9E-DDFA-446E-9C44-AD8D8E769723}.Release|Any CPU.ActiveCfg = Release|Any CPU
		{F0EB4C9E-DDFA-446E-9C44-AD8D8E769723}.Release|Any CPU.Build.0 = Release|Any CPU
		{58CF0F2B-D4E0-4972-901D-ABB72D958C2E}.Debug|Any CPU.ActiveCfg = Debug|Any CPU
		{58CF0F2B-D4E0-4972-901D-ABB72D958C2E}.Debug|Any CPU.Build.0 = Debug|Any CPU
		{58CF0F2B-D4E0-4972-901D-ABB72D958C2E}.Release|Any CPU.ActiveCfg = Release|Any CPU
		{58CF0F2B-D4E0-4972-901D-ABB72D958C2E}.Release|Any CPU.Build.0 = Release|Any CPU
		{8A8D1FAE-51AA-4B17-9406-2026C2851C0A}.Debug|Any CPU.ActiveCfg = Debug|Any CPU
		{8A8D1FAE-51AA-4B17-9406-2026C2851C0A}.Debug|Any CPU.Build.0 = Debug|Any CPU
		{8A8D1FAE-51AA-4B17-9406-2026C2851C0A}.Release|Any CPU.ActiveCfg = Release|Any CPU
		{8A8D1FAE-51AA-4B17-9406-2026C2851C0A}.Release|Any CPU.Build.0 = Release|Any CPU
		{4778F465-2002-4719-AE19-F474B8357F6B}.Debug|Any CPU.ActiveCfg = Debug|Any CPU
		{4778F465-2002-4719-AE19-F474B8357F6B}.Debug|Any CPU.Build.0 = Debug|Any CPU
		{4778F465-2002-4719-AE19-F474B8357F6B}.Release|Any CPU.ActiveCfg = Release|Any CPU
		{4778F465-2002-4719-AE19-F474B8357F6B}.Release|Any CPU.Build.0 = Release|Any CPU
	EndGlobalSection
	GlobalSection(SolutionProperties) = preSolution
		HideSolutionNode = FALSE
	EndGlobalSection
	GlobalSection(ExtensibilityGlobals) = postSolution
		SolutionGuid = {4D552BB3-C7AA-4A64-AE70-B2FD45ED84BC}
	EndGlobalSection
EndGlobal
